<?xml version="1.0" encoding="UTF-8" standalone="yes" ?>
<CodeBlocks_project_file>
	<FileVersion major="1" minor="6" />
	<Project>
		<Option title="04_ImageManipulation" />
		<Option pch_mode="2" />
		<Option compiler="gcc" />
		<Build>
			<Target title="Debug x64">
				<Option output="ImageManipulation" prefix_auto="1" extension_auto="1" />
				<Option type="0" />
				<Option compiler="gcc" />
				<Compiler>
					<Add option="-D_DEBUG" />
					<Add option="-D_CONSOLE" />
					<Add directory="$(OPENCV_DIR)/include" />
				</Compiler>
				<Linker>
					<Add option="-I/usr/local/include -L/usr/lib/x86_64-linux-gnu/" />
					<Add library="/usr/lib/x86_64-linux-gnu/libopencv_aruco.so" />
					<Add library="/usr/lib/x86_64-linux-gnu/libopencv_bgsegm.so" />
					<Add library="/usr/lib/x86_64-linux-gnu/libopencv_bioinspired.so" />
					<Add library="/usr/lib/x86_64-linux-gnu/libopencv_calib3d.so" />
					<Add library="/usr/lib/x86_64-linux-gnu/libopencv_ccalib.so" />
					<Add library="/usr/lib/x86_64-linux-gnu/libopencv_core.so" />
					<Add library="/usr/lib/x86_64-linux-gnu/libopencv_datasets.so" />
					<Add library="/usr/lib/x86_64-linux-gnu/libopencv_dpm.so" />
					<Add library="/usr/lib/x86_64-linux-gnu/libopencv_face.so" />
					<Add library="/usr/lib/x86_64-linux-gnu/libopencv_features2d.so" />
					<Add library="/usr/lib/x86_64-linux-gnu/libopencv_flann.so" />
					<Add library="/usr/lib/x86_64-linux-gnu/libopencv_freetype.so" />
					<Add library="/usr/lib/x86_64-linux-gnu/libopencv_fuzzy.so" />
					<Add library="/usr/lib/x86_64-linux-gnu/libopencv_hdf.so" />
					<Add library="/usr/lib/x86_64-linux-gnu/libopencv_highgui.so" />
					<Add library="/usr/lib/x86_64-linux-gnu/libopencv_imgcodecs.so" />
					<Add library="/usr/lib/x86_64-linux-gnu/libopencv_imgproc.so" />
					<Add library="/usr/lib/x86_64-linux-gnu/libopencv_line_descriptor.so" />
					<Add library="/usr/lib/x86_64-linux-gnu/libopencv_ml.so" />
					<Add library="/usr/lib/x86_64-linux-gnu/libopencv_objdetect.so" />
					<Add library="/usr/lib/x86_64-linux-gnu/libopencv_optflow.so" />
					<Add library="/usr/lib/x86_64-linux-gnu/libopencv_phase_unwrapping.so" />
					<Add library="/usr/lib/x86_64-linux-gnu/libopencv_photo.so" />
					<Add library="/usr/lib/x86_64-linux-gnu/libopencv_plot.so" />
					<Add library="/usr/lib/x86_64-linux-gnu/libopencv_reg.so" />
					<Add library="/usr/lib/x86_64-linux-gnu/libopencv_rgbd.so" />
					<Add library="/usr/lib/x86_64-linux-gnu/libopencv_saliency.so" />
					<Add library="/usr/lib/x86_64-linux-gnu/libopencv_shape.so" />
					<Add library="/usr/lib/x86_64-linux-gnu/libopencv_stereo.so" />
					<Add library="/usr/lib/x86_64-linux-gnu/libopencv_stitching.so" />
					<Add library="/usr/lib/x86_64-linux-gnu/libopencv_structured_light.so" />
					<Add library="/usr/lib/x86_64-linux-gnu/libopencv_superres.so" />
					<Add library="/usr/lib/x86_64-linux-gnu/libopencv_surface_matching.so" />
					<Add library="/usr/lib/x86_64-linux-gnu/libopencv_text.so" />
					<Add library="/usr/lib/x86_64-linux-gnu/libopencv_video.so" />
					<Add library="/usr/lib/x86_64-linux-gnu/libopencv_videoio.so" />
					<Add library="/usr/lib/x86_64-linux-gnu/libopencv_videostab.so" />
					<Add library="/usr/lib/x86_64-linux-gnu/libopencv_viz.so" />
					<Add library="/usr/lib/x86_64-linux-gnu/libopencv_ximgproc.so" />
					<Add library="/usr/lib/x86_64-linux-gnu/libopencv_xobjdetect.so" />
					<Add library="/usr/lib/x86_64-linux-gnu/libopencv_xphoto.so" />
					<Add directory="$(OPENCV_DIR)/x64/vc15/lib" />
				</Linker>
			</Target>
			<Target title="Release x64">
				<Option output="ImageManipulation" prefix_auto="1" extension_auto="1" />
				<Option type="0" />
				<Option compiler="gcc" />
				<Compiler>
					<Add option="-DNDEBUG" />
					<Add option="-D_CONSOLE" />
					<Add directory="/usr/include/opencv4" />
				</Compiler>
				<Linker>
					<Add library="/usr/lib/x86_64-linux-gnu/libopencv_aruco.a" />
					<Add library="/usr/lib/x86_64-linux-gnu/libopencv_aruco.so" />
					<Add library="/usr/lib/x86_64-linux-gnu/libopencv_aruco.so.4.2" />
					<Add library="/usr/lib/x86_64-linux-gnu/libopencv_aruco.so.4.2.0" />
					<Add library="/usr/lib/x86_64-linux-gnu/libopencv_bgsegm.a" />
					<Add library="/usr/lib/x86_64-linux-gnu/libopencv_bgsegm.so" />
					<Add library="/usr/lib/x86_64-linux-gnu/libopencv_bgsegm.so.4.2" />
					<Add library="/usr/lib/x86_64-linux-gnu/libopencv_bgsegm.so.4.2.0" />
					<Add library="/usr/lib/x86_64-linux-gnu/libopencv_bioinspired.a" />
					<Add library="/usr/lib/x86_64-linux-gnu/libopencv_bioinspired.so" />
					<Add library="/usr/lib/x86_64-linux-gnu/libopencv_bioinspired.so.4.2" />
					<Add library="/usr/lib/x86_64-linux-gnu/libopencv_bioinspired.so.4.2.0" />
					<Add library="/usr/lib/x86_64-linux-gnu/libopencv_calib3d.a" />
					<Add library="/usr/lib/x86_64-linux-gnu/libopencv_calib3d.so" />
					<Add library="/usr/lib/x86_64-linux-gnu/libopencv_calib3d.so.4.2" />
					<Add library="/usr/lib/x86_64-linux-gnu/libopencv_calib3d.so.4.2.0" />
					<Add library="/usr/lib/x86_64-linux-gnu/libopencv_ccalib.a" />
					<Add library="/usr/lib/x86_64-linux-gnu/libopencv_ccalib.so" />
					<Add library="/usr/lib/x86_64-linux-gnu/libopencv_ccalib.so.4.2" />
					<Add library="/usr/lib/x86_64-linux-gnu/libopencv_ccalib.so.4.2.0" />
					<Add library="/usr/lib/x86_64-linux-gnu/libopencv_core.a" />
					<Add library="/usr/lib/x86_64-linux-gnu/libopencv_core.so" />
					<Add library="/usr/lib/x86_64-linux-gnu/libopencv_core.so.4.2" />
					<Add library="/usr/lib/x86_64-linux-gnu/libopencv_core.so.4.2.0" />
					<Add library="/usr/lib/x86_64-linux-gnu/libopencv_datasets.a" />
					<Add library="/usr/lib/x86_64-linux-gnu/libopencv_datasets.so" />
					<Add library="/usr/lib/x86_64-linux-gnu/libopencv_datasets.so.4.2" />
					<Add library="/usr/lib/x86_64-linux-gnu/libopencv_datasets.so.4.2.0" />
					<Add library="/usr/lib/x86_64-linux-gnu/libopencv_dnn.a" />
					<Add library="/usr/lib/x86_64-linux-gnu/libopencv_dnn.so" />
					<Add library="/usr/lib/x86_64-linux-gnu/libopencv_dnn.so.4.2" />
					<Add library="/usr/lib/x86_64-linux-gnu/libopencv_dnn.so.4.2.0" />
					<Add library="/usr/lib/x86_64-linux-gnu/libopencv_dnn_objdetect.a" />
					<Add library="/usr/lib/x86_64-linux-gnu/libopencv_dnn_objdetect.so" />
					<Add library="/usr/lib/x86_64-linux-gnu/libopencv_dnn_objdetect.so.4.2" />
					<Add library="/usr/lib/x86_64-linux-gnu/libopencv_dnn_objdetect.so.4.2.0" />
					<Add library="/usr/lib/x86_64-linux-gnu/libopencv_dnn_superres.a" />
					<Add library="/usr/lib/x86_64-linux-gnu/libopencv_dnn_superres.so" />
					<Add library="/usr/lib/x86_64-linux-gnu/libopencv_dnn_superres.so.4.2" />
					<Add library="/usr/lib/x86_64-linux-gnu/libopencv_dnn_superres.so.4.2.0" />
					<Add library="/usr/lib/x86_64-linux-gnu/libopencv_dpm.a" />
					<Add library="/usr/lib/x86_64-linux-gnu/libopencv_dpm.so" />
					<Add library="/usr/lib/x86_64-linux-gnu/libopencv_dpm.so.4.2" />
					<Add library="/usr/lib/x86_64-linux-gnu/libopencv_dpm.so.4.2.0" />
					<Add library="/usr/lib/x86_64-linux-gnu/libopencv_face.a" />
					<Add library="/usr/lib/x86_64-linux-gnu/libopencv_face.so" />
					<Add library="/usr/lib/x86_64-linux-gnu/libopencv_face.so.4.2" />
					<Add library="/usr/lib/x86_64-linux-gnu/libopencv_face.so.4.2.0" />
					<Add library="/usr/lib/x86_64-linux-gnu/libopencv_features2d.a" />
					<Add library="/usr/lib/x86_64-linux-gnu/libopencv_features2d.so" />
					<Add library="/usr/lib/x86_64-linux-gnu/libopencv_features2d.so.4.2" />
					<Add library="/usr/lib/x86_64-linux-gnu/libopencv_features2d.so.4.2.0" />
					<Add library="/usr/lib/x86_64-linux-gnu/libopencv_flann.a" />
					<Add library="/usr/lib/x86_64-linux-gnu/libopencv_flann.so" />
					<Add library="/usr/lib/x86_64-linux-gnu/libopencv_flann.so.4.2" />
					<Add library="/usr/lib/x86_64-linux-gnu/libopencv_flann.so.4.2.0" />
					<Add library="/usr/lib/x86_64-linux-gnu/libopencv_freetype.a" />
					<Add library="/usr/lib/x86_64-linux-gnu/libopencv_freetype.so" />
					<Add library="/usr/lib/x86_64-linux-gnu/libopencv_freetype.so.4.2" />
					<Add library="/usr/lib/x86_64-linux-gnu/libopencv_freetype.so.4.2.0" />
					<Add library="/usr/lib/x86_64-linux-gnu/libopencv_fuzzy.a" />
					<Add library="/usr/lib/x86_64-linux-gnu/libopencv_fuzzy.so" />
					<Add library="/usr/lib/x86_64-linux-gnu/libopencv_fuzzy.so.4.2" />
					<Add library="/usr/lib/x86_64-linux-gnu/libopencv_fuzzy.so.4.2.0" />
					<Add library="/usr/lib/x86_64-linux-gnu/libopencv_hdf.a" />
					<Add library="/usr/lib/x86_64-linux-gnu/libopencv_hdf.so" />
					<Add library="/usr/lib/x86_64-linux-gnu/libopencv_hdf.so.4.2" />
					<Add library="/usr/lib/x86_64-linux-gnu/libopencv_hdf.so.4.2.0" />
					<Add library="/usr/lib/x86_64-linux-gnu/libopencv_hfs.a" />
					<Add library="/usr/lib/x86_64-linux-gnu/libopencv_hfs.so" />
					<Add library="/usr/lib/x86_64-linux-gnu/libopencv_hfs.so.4.2" />
					<Add library="/usr/lib/x86_64-linux-gnu/libopencv_hfs.so.4.2.0" />
					<Add library="/usr/lib/x86_64-linux-gnu/libopencv_highgui.a" />
					<Add library="/usr/lib/x86_64-linux-gnu/libopencv_highgui.so" />
					<Add library="/usr/lib/x86_64-linux-gnu/libopencv_highgui.so.4.2" />
					<Add library="/usr/lib/x86_64-linux-gnu/libopencv_highgui.so.4.2.0" />
					<Add library="/usr/lib/x86_64-linux-gnu/libopencv_img_hash.a" />
					<Add library="/usr/lib/x86_64-linux-gnu/libopencv_img_hash.so" />
					<Add library="/usr/lib/x86_64-linux-gnu/libopencv_img_hash.so.4.2" />
					<Add library="/usr/lib/x86_64-linux-gnu/libopencv_img_hash.so.4.2.0" />
					<Add library="/usr/lib/x86_64-linux-gnu/libopencv_imgcodecs.a" />
					<Add library="/usr/lib/x86_64-linux-gnu/libopencv_imgcodecs.so" />
					<Add library="/usr/lib/x86_64-linux-gnu/libopencv_imgcodecs.so.4.2" />
					<Add library="/usr/lib/x86_64-linux-gnu/libopencv_imgcodecs.so.4.2.0" />
					<Add library="/usr/lib/x86_64-linux-gnu/libopencv_imgproc.a" />
					<Add library="/usr/lib/x86_64-linux-gnu/libopencv_imgproc.so" />
					<Add library="/usr/lib/x86_64-linux-gnu/libopencv_imgproc.so.4.2" />
					<Add library="/usr/lib/x86_64-linux-gnu/libopencv_imgproc.so.4.2.0" />
					<Add library="/usr/lib/x86_64-linux-gnu/libopencv_line_descriptor.a" />
					<Add library="/usr/lib/x86_64-linux-gnu/libopencv_line_descriptor.so" />
					<Add library="/usr/lib/x86_64-linux-gnu/libopencv_line_descriptor.so.4.2" />
					<Add library="/usr/lib/x86_64-linux-gnu/libopencv_line_descriptor.so.4.2.0" />
					<Add library="/usr/lib/x86_64-linux-gnu/libopencv_ml.a" />
					<Add library="/usr/lib/x86_64-linux-gnu/libopencv_ml.so" />
					<Add library="/usr/lib/x86_64-linux-gnu/libopencv_ml.so.4.2" />
					<Add library="/usr/lib/x86_64-linux-gnu/libopencv_ml.so.4.2.0" />
					<Add library="/usr/lib/x86_64-linux-gnu/libopencv_objdetect.a" />
					<Add library="/usr/lib/x86_64-linux-gnu/libopencv_objdetect.so" />
					<Add library="/usr/lib/x86_64-linux-gnu/libopencv_objdetect.so.4.2" />
					<Add library="/usr/lib/x86_64-linux-gnu/libopencv_objdetect.so.4.2.0" />
					<Add library="/usr/lib/x86_64-linux-gnu/libopencv_optflow.a" />
					<Add library="/usr/lib/x86_64-linux-gnu/libopencv_optflow.so" />
					<Add library="/usr/lib/x86_64-linux-gnu/libopencv_optflow.so.4.2" />
					<Add library="/usr/lib/x86_64-linux-gnu/libopencv_optflow.so.4.2.0" />
					<Add library="/usr/lib/x86_64-linux-gnu/libopencv_phase_unwrapping.a" />
					<Add library="/usr/lib/x86_64-linux-gnu/libopencv_phase_unwrapping.so" />
					<Add library="/usr/lib/x86_64-linux-gnu/libopencv_phase_unwrapping.so.4.2" />
					<Add library="/usr/lib/x86_64-linux-gnu/libopencv_phase_unwrapping.so.4.2.0" />
					<Add library="/usr/lib/x86_64-linux-gnu/libopencv_photo.a" />
					<Add library="/usr/lib/x86_64-linux-gnu/libopencv_photo.so" />
					<Add library="/usr/lib/x86_64-linux-gnu/libopencv_photo.so.4.2" />
					<Add library="/usr/lib/x86_64-linux-gnu/libopencv_photo.so.4.2.0" />
					<Add library="/usr/lib/x86_64-linux-gnu/libopencv_plot.a" />
					<Add library="/usr/lib/x86_64-linux-gnu/libopencv_plot.so" />
					<Add library="/usr/lib/x86_64-linux-gnu/libopencv_plot.so.4.2" />
					<Add library="/usr/lib/x86_64-linux-gnu/libopencv_plot.so.4.2.0" />
					<Add library="/usr/lib/x86_64-linux-gnu/libopencv_quality.a" />
					<Add library="/usr/lib/x86_64-linux-gnu/libopencv_quality.so" />
					<Add library="/usr/lib/x86_64-linux-gnu/libopencv_quality.so.4.2" />
					<Add library="/usr/lib/x86_64-linux-gnu/libopencv_quality.so.4.2.0" />
					<Add library="/usr/lib/x86_64-linux-gnu/libopencv_reg.a" />
					<Add library="/usr/lib/x86_64-linux-gnu/libopencv_reg.so" />
					<Add library="/usr/lib/x86_64-linux-gnu/libopencv_reg.so.4.2" />
					<Add library="/usr/lib/x86_64-linux-gnu/libopencv_reg.so.4.2.0" />
					<Add library="/usr/lib/x86_64-linux-gnu/libopencv_rgbd.a" />
					<Add library="/usr/lib/x86_64-linux-gnu/libopencv_rgbd.so" />
					<Add library="/usr/lib/x86_64-linux-gnu/libopencv_rgbd.so.4.2" />
					<Add library="/usr/lib/x86_64-linux-gnu/libopencv_rgbd.so.4.2.0" />
					<Add library="/usr/lib/x86_64-linux-gnu/libopencv_saliency.a" />
					<Add library="/usr/lib/x86_64-linux-gnu/libopencv_saliency.so" />
					<Add library="/usr/lib/x86_64-linux-gnu/libopencv_saliency.so.4.2" />
					<Add library="/usr/lib/x86_64-linux-gnu/libopencv_saliency.so.4.2.0" />
					<Add library="/usr/lib/x86_64-linux-gnu/libopencv_shape.a" />
					<Add library="/usr/lib/x86_64-linux-gnu/libopencv_shape.so" />
					<Add library="/usr/lib/x86_64-linux-gnu/libopencv_shape.so.4.2" />
					<Add library="/usr/lib/x86_64-linux-gnu/libopencv_shape.so.4.2.0" />
					<Add library="/usr/lib/x86_64-linux-gnu/libopencv_stereo.a" />
					<Add library="/usr/lib/x86_64-linux-gnu/libopencv_stereo.so" />
					<Add library="/usr/lib/x86_64-linux-gnu/libopencv_stereo.so.4.2" />
					<Add library="/usr/lib/x86_64-linux-gnu/libopencv_stereo.so.4.2.0" />
					<Add library="/usr/lib/x86_64-linux-gnu/libopencv_stitching.a" />
					<Add library="/usr/lib/x86_64-linux-gnu/libopencv_stitching.so" />
					<Add library="/usr/lib/x86_64-linux-gnu/libopencv_stitching.so.4.2" />
					<Add library="/usr/lib/x86_64-linux-gnu/libopencv_stitching.so.4.2.0" />
					<Add library="/usr/lib/x86_64-linux-gnu/libopencv_structured_light.a" />
					<Add library="/usr/lib/x86_64-linux-gnu/libopencv_structured_light.so" />
					<Add library="/usr/lib/x86_64-linux-gnu/libopencv_structured_light.so.4.2" />
					<Add library="/usr/lib/x86_64-linux-gnu/libopencv_structured_light.so.4.2.0" />
					<Add library="/usr/lib/x86_64-linux-gnu/libopencv_superres.a" />
					<Add library="/usr/lib/x86_64-linux-gnu/libopencv_superres.so" />
					<Add library="/usr/lib/x86_64-linux-gnu/libopencv_superres.so.4.2" />
					<Add library="/usr/lib/x86_64-linux-gnu/libopencv_superres.so.4.2.0" />
					<Add library="/usr/lib/x86_64-linux-gnu/libopencv_surface_matching.a" />
					<Add library="/usr/lib/x86_64-linux-gnu/libopencv_surface_matching.so" />
					<Add library="/usr/lib/x86_64-linux-gnu/libopencv_surface_matching.so.4.2" />
					<Add library="/usr/lib/x86_64-linux-gnu/libopencv_surface_matching.so.4.2.0" />
					<Add library="/usr/lib/x86_64-linux-gnu/libopencv_text.a" />
					<Add library="/usr/lib/x86_64-linux-gnu/libopencv_text.so" />
					<Add library="/usr/lib/x86_64-linux-gnu/libopencv_text.so.4.2" />
					<Add library="/usr/lib/x86_64-linux-gnu/libopencv_text.so.4.2.0" />
					<Add library="/usr/lib/x86_64-linux-gnu/libopencv_tracking.a" />
					<Add library="/usr/lib/x86_64-linux-gnu/libopencv_tracking.so" />
					<Add library="/usr/lib/x86_64-linux-gnu/libopencv_tracking.so.4.2" />
					<Add library="/usr/lib/x86_64-linux-gnu/libopencv_tracking.so.4.2.0" />
					<Add library="/usr/lib/x86_64-linux-gnu/libopencv_ts.a" />
					<Add library="/usr/lib/x86_64-linux-gnu/libopencv_video.a" />
					<Add library="/usr/lib/x86_64-linux-gnu/libopencv_video.so" />
					<Add library="/usr/lib/x86_64-linux-gnu/libopencv_video.so.4.2" />
					<Add library="/usr/lib/x86_64-linux-gnu/libopencv_video.so.4.2.0" />
					<Add library="/usr/lib/x86_64-linux-gnu/libopencv_videoio.a" />
					<Add library="/usr/lib/x86_64-linux-gnu/libopencv_videoio.so" />
					<Add library="/usr/lib/x86_64-linux-gnu/libopencv_videoio.so.4.2" />
					<Add library="/usr/lib/x86_64-linux-gnu/libopencv_videoio.so.4.2.0" />
					<Add library="/usr/lib/x86_64-linux-gnu/libopencv_videostab.a" />
					<Add library="/usr/lib/x86_64-linux-gnu/libopencv_videostab.so" />
					<Add library="/usr/lib/x86_64-linux-gnu/libopencv_videostab.so.4.2" />
					<Add library="/usr/lib/x86_64-linux-gnu/libopencv_videostab.so.4.2.0" />
					<Add library="/usr/lib/x86_64-linux-gnu/libopencv_viz.a" />
					<Add library="/usr/lib/x86_64-linux-gnu/libopencv_viz.so" />
					<Add library="/usr/lib/x86_64-linux-gnu/libopencv_viz.so.4.2" />
					<Add library="/usr/lib/x86_64-linux-gnu/libopencv_viz.so.4.2.0" />
					<Add library="/usr/lib/x86_64-linux-gnu/libopencv_ximgproc.a" />
					<Add library="/usr/lib/x86_64-linux-gnu/libopencv_ximgproc.so" />
					<Add library="/usr/lib/x86_64-linux-gnu/libopencv_ximgproc.so.4.2" />
					<Add library="/usr/lib/x86_64-linux-gnu/libopencv_ximgproc.so.4.2.0" />
					<Add library="/usr/lib/x86_64-linux-gnu/libopencv_xobjdetect.a" />
					<Add library="/usr/lib/x86_64-linux-gnu/libopencv_xobjdetect.so" />
					<Add library="/usr/lib/x86_64-linux-gnu/libopencv_xobjdetect.so.4.2" />
					<Add library="/usr/lib/x86_64-linux-gnu/libopencv_xobjdetect.so.4.2.0" />
					<Add library="/usr/lib/x86_64-linux-gnu/libopencv_xphoto.a" />
					<Add library="/usr/lib/x86_64-linux-gnu/libopencv_xphoto.so" />
					<Add library="/usr/lib/x86_64-linux-gnu/libopencv_xphoto.so.4.2" />
					<Add library="/usr/lib/x86_64-linux-gnu/libopencv_xphoto.so.4.2.0" />
					<Add directory="$(OPENCV_DIR)/x64/vc15/lib" />
				</Linker>
			</Target>
		</Build>
		<Compiler>
			<Add directory="/usr/include/opencv4" />
		</Compiler>
		<Linker>
			<Add library="/usr/lib/x86_64-linux-gnu/libopencv_aruco.so" />
			<Add library="/usr/lib/x86_64-linux-gnu/libopencv_bgsegm.so" />
			<Add library="/usr/lib/x86_64-linux-gnu/libopencv_bioinspired.so" />
			<Add library="/usr/lib/x86_64-linux-gnu/libopencv_calib3d.so" />
			<Add library="/usr/lib/x86_64-linux-gnu/libopencv_ccalib.so" />
			<Add library="/usr/lib/x86_64-linux-gnu/libopencv_core.so" />
			<Add library="/usr/lib/x86_64-linux-gnu/libopencv_datasets.so" />
			<Add library="/usr/lib/x86_64-linux-gnu/libopencv_dnn.so" />
			<Add library="/usr/lib/x86_64-linux-gnu/libopencv_dnn_objdetect.so" />
			<Add library="/usr/lib/x86_64-linux-gnu/libopencv_dnn_superres.so" />
			<Add library="/usr/lib/x86_64-linux-gnu/libopencv_dpm.so" />
			<Add library="/usr/lib/x86_64-linux-gnu/libopencv_face.so" />
			<Add library="/usr/lib/x86_64-linux-gnu/libopencv_features2d.so" />
			<Add library="/usr/lib/x86_64-linux-gnu/libopencv_flann.so" />
			<Add library="/usr/lib/x86_64-linux-gnu/libopencv_freetype.so" />
			<Add library="/usr/lib/x86_64-linux-gnu/libopencv_fuzzy.so" />
			<Add library="/usr/lib/x86_64-linux-gnu/libopencv_hdf.so" />
			<Add library="/usr/lib/x86_64-linux-gnu/libopencv_hfs.so" />
			<Add library="/usr/lib/x86_64-linux-gnu/libopencv_highgui.so" />
			<Add library="/usr/lib/x86_64-linux-gnu/libopencv_img_hash.so" />
			<Add library="/usr/lib/x86_64-linux-gnu/libopencv_imgcodecs.so" />
			<Add library="/usr/lib/x86_64-linux-gnu/libopencv_imgproc.so" />
			<Add library="/usr/lib/x86_64-linux-gnu/libopencv_line_descriptor.so" />
			<Add library="/usr/lib/x86_64-linux-gnu/libopencv_ml.so" />
			<Add library="/usr/lib/x86_64-linux-gnu/libopencv_objdetect.so" />
			<Add library="/usr/lib/x86_64-linux-gnu/libopencv_optflow.so" />
			<Add library="/usr/lib/x86_64-linux-gnu/libopencv_phase_unwrapping.so" />
			<Add library="/usr/lib/x86_64-linux-gnu/libopencv_photo.so" />
			<Add library="/usr/lib/x86_64-linux-gnu/libopencv_plot.so" />
			<Add library="/usr/lib/x86_64-linux-gnu/libopencv_quality.so" />
			<Add library="/usr/lib/x86_64-linux-gnu/libopencv_reg.so" />
			<Add library="/usr/lib/x86_64-linux-gnu/libopencv_rgbd.so" />
			<Add library="/usr/lib/x86_64-linux-gnu/libopencv_saliency.so" />
			<Add library="/usr/lib/x86_64-linux-gnu/libopencv_shape.so" />
			<Add library="/usr/lib/x86_64-linux-gnu/libopencv_stereo.so" />
			<Add library="/usr/lib/x86_64-linux-gnu/libopencv_stitching.so" />
			<Add library="/usr/lib/x86_64-linux-gnu/libopencv_structured_light.so" />
			<Add library="/usr/lib/x86_64-linux-gnu/libopencv_superres.so" />
			<Add library="/usr/lib/x86_64-linux-gnu/libopencv_surface_matching.so" />
			<Add library="/usr/lib/x86_64-linux-gnu/libopencv_text.so" />
			<Add library="/usr/lib/x86_64-linux-gnu/libopencv_tracking.so" />
			<Add library="/usr/lib/x86_64-linux-gnu/libopencv_video.so" />
			<Add library="/usr/lib/x86_64-linux-gnu/libopencv_videoio.so" />
			<Add library="/usr/lib/x86_64-linux-gnu/libopencv_videostab.so" />
			<Add library="/usr/lib/x86_64-linux-gnu/libopencv_viz.so" />
			<Add library="/usr/lib/x86_64-linux-gnu/libopencv_ximgproc.so" />
			<Add library="/usr/lib/x86_64-linux-gnu/libopencv_xobjdetect.so" />
			<Add library="/usr/lib/x86_64-linux-gnu/libopencv_xphoto.so" />
		</Linker>
		<Unit filename="ImageManipulation.cpp">
			<Option target="Debug x64" />
			<Option target="Debug Win32" />
			<Option target="Release Win32" />
			<Option target="Release x64" />
		</Unit>
		<Unit filename="ImageManipulation.hpp">
			<Option target="Debug x64" />
			<Option target="Debug Win32" />
			<Option target="Release Win32" />
			<Option target="Release x64" />
		</Unit>
		<Unit filename="MyImageManipulation.cpp">
			<Option target="Debug x64" />
			<Option target="Debug Win32" />
			<Option target="Release Win32" />
			<Option target="Release x64" />
		</Unit>
		<Unit filename="MyImageManipulation.hpp">
			<Option target="Debug x64" />
			<Option target="Debug Win32" />
			<Option target="Release Win32" />
			<Option target="Release x64" />
		</Unit>
		<Unit filename="TimeTesting.cpp" />
		<Unit filename="VisualTesting.cpp" />
		<Extensions />
	</Project>
</CodeBlocks_project_file>
