<?xml version="1.0" encoding="UTF-8" standalone="yes" ?>
<CodeBlocks_project_file>
	<FileVersion major="1" minor="6" />
	<Project>
		<Option title="03_Mandelbrot" />
		<Option pch_mode="2" />
		<Option compiler="gcc" />
		<Build>
			<Target title="Debug">
				<Option platforms="Unix;" />
				<Option output="bin/Debug/Test" prefix_auto="1" extension_auto="1" />
				<Option object_output="obj/Debug/" />
				<Option type="1" />
				<Option compiler="gcc" />
				<Compiler>
					<Add option="-Wall" />
					<Add option="-m64" />
					<Add option="-g" />
					<Add option="-march=haswell" />
				</Compiler>
				<Linker>
					<Add option="-m64" />
					<Add library="/usr/lib/x86_64-linux-gnu/libopencv_aruco.so" />
					<Add library="/usr/lib/x86_64-linux-gnu/libopencv_bgsegm.so" />
					<Add library="/usr/lib/x86_64-linux-gnu/libopencv_bioinspired.so" />
					<Add library="/usr/lib/x86_64-linux-gnu/libopencv_calib3d.so" />
					<Add library="/usr/lib/x86_64-linux-gnu/libopencv_ccalib.so" />
					<Add library="/usr/lib/x86_64-linux-gnu/libopencv_core.so" />
					<Add library="/usr/lib/x86_64-linux-gnu/libopencv_datasets.so" />
					<Add library="/usr/lib/x86_64-linux-gnu/libopencv_dpm.so" />
					<Add library="/usr/lib/x86_64-linux-gnu/libopencv_face.so" />
					<Add library="/usr/lib/x86_64-linux-gnu/libopencv_features2d.so" />
					<Add library="/usr/lib/x86_64-linux-gnu/libopencv_flann.so" />
					<Add library="/usr/lib/x86_64-linux-gnu/libopencv_freetype.so" />
					<Add library="/usr/lib/x86_64-linux-gnu/libopencv_fuzzy.so" />
					<Add library="/usr/lib/x86_64-linux-gnu/libopencv_hdf.so" />
					<Add library="/usr/lib/x86_64-linux-gnu/libopencv_highgui.so" />
					<Add library="/usr/lib/x86_64-linux-gnu/libopencv_imgcodecs.so" />
					<Add library="/usr/lib/x86_64-linux-gnu/libopencv_imgproc.so" />
					<Add library="/usr/lib/x86_64-linux-gnu/libopencv_line_descriptor.so" />
					<Add library="/usr/lib/x86_64-linux-gnu/libopencv_ml.so" />
					<Add library="/usr/lib/x86_64-linux-gnu/libopencv_objdetect.so" />
					<Add library="/usr/lib/x86_64-linux-gnu/libopencv_optflow.so" />
					<Add library="/usr/lib/x86_64-linux-gnu/libopencv_phase_unwrapping.so" />
					<Add library="/usr/lib/x86_64-linux-gnu/libopencv_photo.so" />
					<Add library="/usr/lib/x86_64-linux-gnu/libopencv_plot.so" />
					<Add library="/usr/lib/x86_64-linux-gnu/libopencv_reg.so" />
					<Add library="/usr/lib/x86_64-linux-gnu/libopencv_rgbd.so" />
					<Add library="/usr/lib/x86_64-linux-gnu/libopencv_saliency.so" />
					<Add library="/usr/lib/x86_64-linux-gnu/libopencv_shape.so" />
					<Add library="/usr/lib/x86_64-linux-gnu/libopencv_stereo.so" />
					<Add library="/usr/lib/x86_64-linux-gnu/libopencv_stitching.so" />
					<Add library="/usr/lib/x86_64-linux-gnu/libopencv_structured_light.so" />
					<Add library="/usr/lib/x86_64-linux-gnu/libopencv_superres.so" />
					<Add library="/usr/lib/x86_64-linux-gnu/libopencv_surface_matching.so" />
					<Add library="/usr/lib/x86_64-linux-gnu/libopencv_text.so" />
					<Add library="/usr/lib/x86_64-linux-gnu/libopencv_video.so" />
					<Add library="/usr/lib/x86_64-linux-gnu/libopencv_videoio.so" />
					<Add library="/usr/lib/x86_64-linux-gnu/libopencv_videostab.so" />
					<Add library="/usr/lib/x86_64-linux-gnu/libopencv_viz.so" />
					<Add library="/usr/lib/x86_64-linux-gnu/libopencv_ximgproc.so" />
					<Add library="/usr/lib/x86_64-linux-gnu/libopencv_xobjdetect.so" />
					<Add library="/usr/lib/x86_64-linux-gnu/libopencv_xphoto.so" />
				</Linker>
			</Target>
			<Target title="Release">
				<Option output="bin/Release/Test" prefix_auto="1" extension_auto="1" />
				<Option object_output="obj/Release/" />
				<Option type="1" />
				<Option compiler="gcc" />
				<Compiler>
					<Add option="-O2" />
					<Add option="-march=haswell" />
				</Compiler>
				<Linker>
					<Add option="-s" />
					<Add library="/usr/lib/x86_64-linux-gnu/libopencv_aruco.so" />
					<Add library="/usr/lib/x86_64-linux-gnu/libopencv_bgsegm.so" />
					<Add library="/usr/lib/x86_64-linux-gnu/libopencv_bioinspired.so" />
					<Add library="/usr/lib/x86_64-linux-gnu/libopencv_calib3d.so" />
					<Add library="/usr/lib/x86_64-linux-gnu/libopencv_ccalib.so" />
					<Add library="/usr/lib/x86_64-linux-gnu/libopencv_core.so" />
					<Add library="/usr/lib/x86_64-linux-gnu/libopencv_datasets.so" />
					<Add library="/usr/lib/x86_64-linux-gnu/libopencv_dpm.so" />
					<Add library="/usr/lib/x86_64-linux-gnu/libopencv_face.so" />
					<Add library="/usr/lib/x86_64-linux-gnu/libopencv_features2d.so" />
					<Add library="/usr/lib/x86_64-linux-gnu/libopencv_flann.so" />
					<Add library="/usr/lib/x86_64-linux-gnu/libopencv_freetype.so" />
					<Add library="/usr/lib/x86_64-linux-gnu/libopencv_fuzzy.so" />
					<Add library="/usr/lib/x86_64-linux-gnu/libopencv_hdf.so" />
					<Add library="/usr/lib/x86_64-linux-gnu/libopencv_highgui.so" />
					<Add library="/usr/lib/x86_64-linux-gnu/libopencv_imgcodecs.so" />
					<Add library="/usr/lib/x86_64-linux-gnu/libopencv_imgproc.so" />
					<Add library="/usr/lib/x86_64-linux-gnu/libopencv_line_descriptor.so" />
					<Add library="/usr/lib/x86_64-linux-gnu/libopencv_ml.so" />
					<Add library="/usr/lib/x86_64-linux-gnu/libopencv_objdetect.so" />
					<Add library="/usr/lib/x86_64-linux-gnu/libopencv_optflow.so" />
					<Add library="/usr/lib/x86_64-linux-gnu/libopencv_phase_unwrapping.so" />
					<Add library="/usr/lib/x86_64-linux-gnu/libopencv_photo.so" />
					<Add library="/usr/lib/x86_64-linux-gnu/libopencv_plot.so" />
					<Add library="/usr/lib/x86_64-linux-gnu/libopencv_reg.so" />
					<Add library="/usr/lib/x86_64-linux-gnu/libopencv_rgbd.so" />
					<Add library="/usr/lib/x86_64-linux-gnu/libopencv_saliency.so" />
					<Add library="/usr/lib/x86_64-linux-gnu/libopencv_shape.so" />
					<Add library="/usr/lib/x86_64-linux-gnu/libopencv_stereo.so" />
					<Add library="/usr/lib/x86_64-linux-gnu/libopencv_stitching.so" />
					<Add library="/usr/lib/x86_64-linux-gnu/libopencv_structured_light.so" />
					<Add library="/usr/lib/x86_64-linux-gnu/libopencv_superres.so" />
					<Add library="/usr/lib/x86_64-linux-gnu/libopencv_surface_matching.so" />
					<Add library="/usr/lib/x86_64-linux-gnu/libopencv_text.so" />
					<Add library="/usr/lib/x86_64-linux-gnu/libopencv_video.so" />
					<Add library="/usr/lib/x86_64-linux-gnu/libopencv_videoio.so" />
					<Add library="/usr/lib/x86_64-linux-gnu/libopencv_videostab.so" />
					<Add library="/usr/lib/x86_64-linux-gnu/libopencv_viz.so" />
					<Add library="/usr/lib/x86_64-linux-gnu/libopencv_ximgproc.so" />
					<Add library="/usr/lib/x86_64-linux-gnu/libopencv_xobjdetect.so" />
					<Add library="/usr/lib/x86_64-linux-gnu/libopencv_xphoto.so" />
				</Linker>
			</Target>
		</Build>
		<Compiler>
			<Add option="-Wall" />
			<Add option="-fexceptions" />
			<Add directory="/usr/include/opencv4/" />
		</Compiler>
		<Linker>
			<Add library="/usr/lib/x86_64-linux-gnu/libopencv_aruco.so.4.2.0" />
			<Add library="/usr/lib/x86_64-linux-gnu/libopencv_bgsegm.so.4.2" />
			<Add library="/usr/lib/x86_64-linux-gnu/libopencv_bgsegm.so.4.2.0" />
			<Add library="/usr/lib/x86_64-linux-gnu/libopencv_bioinspired.so.4.2" />
			<Add library="/usr/lib/x86_64-linux-gnu/libopencv_bioinspired.so.4.2.0" />
			<Add library="/usr/lib/x86_64-linux-gnu/libopencv_calib3d.so.4.2" />
			<Add library="/usr/lib/x86_64-linux-gnu/libopencv_calib3d.so.4.2.0" />
			<Add library="/usr/lib/x86_64-linux-gnu/libopencv_ccalib.so.4.2" />
			<Add library="/usr/lib/x86_64-linux-gnu/libopencv_ccalib.so.4.2.0" />
			<Add library="/usr/lib/x86_64-linux-gnu/libopencv_core.so.4.2" />
			<Add library="/usr/lib/x86_64-linux-gnu/libopencv_core.so.4.2.0" />
			<Add library="/usr/lib/x86_64-linux-gnu/libopencv_datasets.so.4.2" />
			<Add library="/usr/lib/x86_64-linux-gnu/libopencv_datasets.so.4.2.0" />
			<Add library="/usr/lib/x86_64-linux-gnu/libopencv_dnn.so.4.2" />
			<Add library="/usr/lib/x86_64-linux-gnu/libopencv_dnn.so.4.2.0" />
			<Add library="/usr/lib/x86_64-linux-gnu/libopencv_dnn_objdetect.so.4.2" />
			<Add library="/usr/lib/x86_64-linux-gnu/libopencv_dnn_objdetect.so.4.2.0" />
			<Add library="/usr/lib/x86_64-linux-gnu/libopencv_dnn_superres.so.4.2" />
			<Add library="/usr/lib/x86_64-linux-gnu/libopencv_dnn_superres.so.4.2.0" />
			<Add library="/usr/lib/x86_64-linux-gnu/libopencv_dpm.so.4.2" />
			<Add library="/usr/lib/x86_64-linux-gnu/libopencv_dpm.so.4.2.0" />
			<Add library="/usr/lib/x86_64-linux-gnu/libopencv_face.so.4.2" />
			<Add library="/usr/lib/x86_64-linux-gnu/libopencv_face.so.4.2.0" />
			<Add library="/usr/lib/x86_64-linux-gnu/libopencv_features2d.so.4.2" />
			<Add library="/usr/lib/x86_64-linux-gnu/libopencv_features2d.so.4.2.0" />
			<Add library="/usr/lib/x86_64-linux-gnu/libopencv_flann.so.4.2" />
			<Add library="/usr/lib/x86_64-linux-gnu/libopencv_flann.so.4.2.0" />
			<Add library="/usr/lib/x86_64-linux-gnu/libopencv_freetype.so.4.2" />
			<Add library="/usr/lib/x86_64-linux-gnu/libopencv_freetype.so.4.2.0" />
			<Add library="/usr/lib/x86_64-linux-gnu/libopencv_fuzzy.so.4.2" />
			<Add library="/usr/lib/x86_64-linux-gnu/libopencv_fuzzy.so.4.2.0" />
			<Add library="/usr/lib/x86_64-linux-gnu/libopencv_hdf.so.4.2" />
			<Add library="/usr/lib/x86_64-linux-gnu/libopencv_hdf.so.4.2.0" />
			<Add library="/usr/lib/x86_64-linux-gnu/libopencv_hfs.so.4.2" />
			<Add library="/usr/lib/x86_64-linux-gnu/libopencv_hfs.so.4.2.0" />
			<Add library="/usr/lib/x86_64-linux-gnu/libopencv_highgui.so.4.2" />
			<Add library="/usr/lib/x86_64-linux-gnu/libopencv_highgui.so.4.2.0" />
			<Add library="/usr/lib/x86_64-linux-gnu/libopencv_img_hash.so.4.2" />
			<Add library="/usr/lib/x86_64-linux-gnu/libopencv_img_hash.so.4.2.0" />
			<Add library="/usr/lib/x86_64-linux-gnu/libopencv_imgcodecs.so.4.2" />
			<Add library="/usr/lib/x86_64-linux-gnu/libopencv_imgcodecs.so.4.2.0" />
			<Add library="/usr/lib/x86_64-linux-gnu/libopencv_imgproc.so.4.2" />
			<Add library="/usr/lib/x86_64-linux-gnu/libopencv_imgproc.so.4.2.0" />
			<Add library="/usr/lib/x86_64-linux-gnu/libopencv_line_descriptor.so.4.2" />
			<Add library="/usr/lib/x86_64-linux-gnu/libopencv_line_descriptor.so.4.2.0" />
			<Add library="/usr/lib/x86_64-linux-gnu/libopencv_ml.so.4.2" />
			<Add library="/usr/lib/x86_64-linux-gnu/libopencv_ml.so.4.2.0" />
			<Add library="/usr/lib/x86_64-linux-gnu/libopencv_objdetect.so.4.2" />
			<Add library="/usr/lib/x86_64-linux-gnu/libopencv_objdetect.so.4.2.0" />
			<Add library="/usr/lib/x86_64-linux-gnu/libopencv_optflow.so.4.2" />
			<Add library="/usr/lib/x86_64-linux-gnu/libopencv_optflow.so.4.2.0" />
			<Add library="/usr/lib/x86_64-linux-gnu/libopencv_phase_unwrapping.so.4.2" />
			<Add library="/usr/lib/x86_64-linux-gnu/libopencv_phase_unwrapping.so.4.2.0" />
			<Add library="/usr/lib/x86_64-linux-gnu/libopencv_photo.so.4.2" />
			<Add library="/usr/lib/x86_64-linux-gnu/libopencv_photo.so.4.2.0" />
			<Add library="/usr/lib/x86_64-linux-gnu/libopencv_plot.so.4.2" />
			<Add library="/usr/lib/x86_64-linux-gnu/libopencv_plot.so.4.2.0" />
			<Add library="/usr/lib/x86_64-linux-gnu/libopencv_quality.so.4.2" />
			<Add library="/usr/lib/x86_64-linux-gnu/libopencv_quality.so.4.2.0" />
			<Add library="/usr/lib/x86_64-linux-gnu/libopencv_reg.so.4.2" />
			<Add library="/usr/lib/x86_64-linux-gnu/libopencv_reg.so.4.2.0" />
			<Add library="/usr/lib/x86_64-linux-gnu/libopencv_rgbd.so.4.2" />
			<Add library="/usr/lib/x86_64-linux-gnu/libopencv_rgbd.so.4.2.0" />
			<Add library="/usr/lib/x86_64-linux-gnu/libopencv_saliency.so.4.2" />
			<Add library="/usr/lib/x86_64-linux-gnu/libopencv_saliency.so.4.2.0" />
			<Add library="/usr/lib/x86_64-linux-gnu/libopencv_shape.so.4.2" />
			<Add library="/usr/lib/x86_64-linux-gnu/libopencv_shape.so.4.2.0" />
			<Add library="/usr/lib/x86_64-linux-gnu/libopencv_stereo.so.4.2" />
			<Add library="/usr/lib/x86_64-linux-gnu/libopencv_stereo.so.4.2.0" />
			<Add library="/usr/lib/x86_64-linux-gnu/libopencv_stitching.so.4.2" />
			<Add library="/usr/lib/x86_64-linux-gnu/libopencv_stitching.so.4.2.0" />
			<Add library="/usr/lib/x86_64-linux-gnu/libopencv_structured_light.so.4.2" />
			<Add library="/usr/lib/x86_64-linux-gnu/libopencv_structured_light.so.4.2.0" />
			<Add library="/usr/lib/x86_64-linux-gnu/libopencv_superres.so.4.2" />
			<Add library="/usr/lib/x86_64-linux-gnu/libopencv_superres.so.4.2.0" />
			<Add library="/usr/lib/x86_64-linux-gnu/libopencv_surface_matching.so.4.2" />
			<Add library="/usr/lib/x86_64-linux-gnu/libopencv_surface_matching.so.4.2.0" />
			<Add library="/usr/lib/x86_64-linux-gnu/libopencv_text.so.4.2" />
			<Add library="/usr/lib/x86_64-linux-gnu/libopencv_text.so.4.2.0" />
			<Add library="/usr/lib/x86_64-linux-gnu/libopencv_tracking.so.4.2" />
			<Add library="/usr/lib/x86_64-linux-gnu/libopencv_tracking.so.4.2.0" />
			<Add library="/usr/lib/x86_64-linux-gnu/libopencv_video.so.4.2" />
			<Add library="/usr/lib/x86_64-linux-gnu/libopencv_video.so.4.2.0" />
			<Add library="/usr/lib/x86_64-linux-gnu/libopencv_videoio.so.4.2" />
			<Add library="/usr/lib/x86_64-linux-gnu/libopencv_videoio.so.4.2.0" />
			<Add library="/usr/lib/x86_64-linux-gnu/libopencv_videostab.so.4.2" />
			<Add library="/usr/lib/x86_64-linux-gnu/libopencv_videostab.so.4.2.0" />
			<Add library="/usr/lib/x86_64-linux-gnu/libopencv_viz.so.4.2" />
			<Add library="/usr/lib/x86_64-linux-gnu/libopencv_viz.so.4.2.0" />
			<Add library="/usr/lib/x86_64-linux-gnu/libopencv_ximgproc.so.4.2" />
			<Add library="/usr/lib/x86_64-linux-gnu/libopencv_ximgproc.so.4.2.0" />
			<Add library="/usr/lib/x86_64-linux-gnu/libopencv_xobjdetect.so.4.2" />
			<Add library="/usr/lib/x86_64-linux-gnu/libopencv_xobjdetect.so.4.2.0" />
			<Add library="/usr/lib/x86_64-linux-gnu/libopencv_xphoto.so.4.2" />
			<Add library="/usr/lib/x86_64-linux-gnu/libopencv_xphoto.so.4.2.0" />
		</Linker>
		<Unit filename="Mandelbrot.cpp" />
		<Unit filename="utils.cpp" />
		<Unit filename="utils.hpp" />
		<Extensions />
	</Project>
</CodeBlocks_project_file>
